
Microsoft Visual Studio Solution File, Format Version 12.00
# Visual Studio Version 17
VisualStudioVersion = 17.3.32929.385
MinimumVisualStudioVersion = 10.0.40219.1
Project("{FAE04EC0-301F-11D3-BF4B-00C04F79EFBC}") = "PaswordGenereit", "PaswordGenereit\PaswordGenereit.csproj", "{B2858A18-819C-442E-B850-0E21CC674860}"
EndProject
Global
	GlobalSection(SolutionConfigurationPlatforms) = preSolution
		Debug|Any CPU = Debug|Any CPU
		Release|Any CPU = Release|Any CPU
	EndGlobalSection
	GlobalSection(ProjectConfigurationPlatforms) = postSolution
		{B2858A18-819C-442E-B850-0E21CC674860}.Debug|Any CPU.ActiveCfg = Debug|Any CPU
		{B2858A18-819C-442E-B850-0E21CC674860}.Debug|Any CPU.Build.0 = Debug|Any CPU
		{B2858A18-819C-442E-B850-0E21CC674860}.Release|Any CPU.ActiveCfg = Release|Any CPU
		{B2858A18-819C-442E-B850-0E21CC674860}.Release|Any CPU.Build.0 = Release|Any CPU
	EndGlobalSection
	GlobalSection(SolutionProperties) = preSolution
		HideSolutionNode = FALSE
	EndGlobalSection
	GlobalSection(ExtensibilityGlobals) = postSolution
		SolutionGuid = {894BE085-82B0-4F27-AC23-FC0E8D82780D}
	EndGlobalSection
EndGlobal
